// !$*UTF8*$!
{
	archiveVersion = 1;
	classes = {
	};
	objectVersion = 50;
	objects = {

/* Begin PBXBuildFile section */
		33BCF24E250501C100C6C9C7 /* AppDelegate.swift in Sources */ = {isa = PBXBuildFile; fileRef = 33BCF24D250501C100C6C9C7 /* AppDelegate.swift */; };
		33BCF250250501C100C6C9C7 /* SceneDelegate.swift in Sources */ = {isa = PBXBuildFile; fileRef = 33BCF24F250501C100C6C9C7 /* SceneDelegate.swift */; };
		33BCF252250501C100C6C9C7 /* ViewController.swift in Sources */ = {isa = PBXBuildFile; fileRef = 33BCF251250501C100C6C9C7 /* ViewController.swift */; };
		33BCF255250501C100C6C9C7 /* Main.storyboard in Resources */ = {isa = PBXBuildFile; fileRef = 33BCF253250501C100C6C9C7 /* Main.storyboard */; };
		33BCF257250501C300C6C9C7 /* Assets.xcassets in Resources */ = {isa = PBXBuildFile; fileRef = 33BCF256250501C300C6C9C7 /* Assets.xcassets */; };
		33BCF25A250501C300C6C9C7 /* LaunchScreen.storyboard in Resources */ = {isa = PBXBuildFile; fileRef = 33BCF258250501C300C6C9C7 /* LaunchScreen.storyboard */; };
		33BCF265250501C400C6C9C7 /* MishiPayCodeTestTests.swift in Sources */ = {isa = PBXBuildFile; fileRef = 33BCF264250501C400C6C9C7 /* MishiPayCodeTestTests.swift */; };
/* End PBXBuildFile section */

/* Begin PBXContainerItemProxy section */
		33BCF261250501C400C6C9C7 /* PBXContainerItemProxy */ = {
			isa = PBXContainerItemProxy;
			containerPortal = 33BCF242250501C100C6C9C7 /* Project object */;
			proxyType = 1;
			remoteGlobalIDString = 33BCF249250501C100C6C9C7;
			remoteInfo = MishiPayCodeTest;
		};
/* End PBXContainerItemProxy section */

/* Begin PBXFileReference section */
		33BCF24A250501C100C6C9C7 /* MishiPayCodeTest.app */ = {isa = PBXFileReference; explicitFileType = wrapper.application; includeInIndex = 0; path = MishiPayCodeTest.app; sourceTree = BUILT_PRODUCTS_DIR; };
		33BCF24D250501C100C6C9C7 /* AppDelegate.swift */ = {isa = PBXFileReference; lastKnownFileType = sourcecode.swift; path = AppDelegate.swift; sourceTree = "<group>"; };
		33BCF24F250501C100C6C9C7 /* SceneDelegate.swift */ = {isa = PBXFileReference; lastKnownFileType = sourcecode.swift; path = SceneDelegate.swift; sourceTree = "<group>"; };
		33BCF251250501C100C6C9C7 /* ViewController.swift */ = {isa = PBXFileReference; lastKnownFileType = sourcecode.swift; path = ViewController.swift; sourceTree = "<group>"; };
		33BCF254250501C100C6C9C7 /* Base */ = {isa = PBXFileReference; lastKnownFileType = file.storyboard; name = Base; path = Base.lproj/Main.storyboard; sourceTree = "<group>"; };
		33BCF256250501C300C6C9C7 /* Assets.xcassets */ = {isa = PBXFileReference; lastKnownFileType = folder.assetcatalog; path = Assets.xcassets; sourceTree = "<group>"; };
		33BCF259250501C300C6C9C7 /* Base */ = {isa = PBXFileReference; lastKnownFileType = file.storyboard; name = Base; path = Base.lproj/LaunchScreen.storyboard; sourceTree = "<group>"; };
		33BCF25B250501C300C6C9C7 /* Info.plist */ = {isa = PBXFileReference; lastKnownFileType = text.plist.xml; path = Info.plist; sourceTree = "<group>"; };
		33BCF260250501C400C6C9C7 /* MishiPayCodeTestTests.xctest */ = {isa = PBXFileReference; explicitFileType = wrapper.cfbundle; includeInIndex = 0; path = MishiPayCodeTestTests.xctest; sourceTree = BUILT_PRODUCTS_DIR; };
		33BCF264250501C400C6C9C7 /* MishiPayCodeTestTests.swift */ = {isa = PBXFileReference; lastKnownFileType = sourcecode.swift; path = MishiPayCodeTestTests.swift; sourceTree = "<group>"; };
		33BCF266250501C400C6C9C7 /* Info.plist */ = {isa = PBXFileReference; lastKnownFileType = text.plist.xml; path = Info.plist; sourceTree = "<group>"; };
/* End PBXFileReference section */

/* Begin PBXFrameworksBuildPhase section */
		33BCF247250501C100C6C9C7 /* Frameworks */ = {
			isa = PBXFrameworksBuildPhase;
			buildActionMask = 2147483647;
			files = (
			);
			runOnlyForDeploymentPostprocessing = 0;
		};
		33BCF25D250501C400C6C9C7 /* Frameworks */ = {
			isa = PBXFrameworksBuildPhase;
			buildActionMask = 2147483647;
			files = (
			);
			runOnlyForDeploymentPostprocessing = 0;
		};
/* End PBXFrameworksBuildPhase section */

/* Begin PBXGroup section */
		33BCF241250501C100C6C9C7 = {
			isa = PBXGroup;
			children = (
				33BCF24C250501C100C6C9C7 /* MishiPayCodeTest */,
				33BCF263250501C400C6C9C7 /* MishiPayCodeTestTests */,
				33BCF24B250501C100C6C9C7 /* Products */,
			);
			sourceTree = "<group>";
		};
		33BCF24B250501C100C6C9C7 /* Products */ = {
			isa = PBXGroup;
			children = (
				33BCF24A250501C100C6C9C7 /* MishiPayCodeTest.app */,
				33BCF260250501C400C6C9C7 /* MishiPayCodeTestTests.xctest */,
			);
			name = Products;
			sourceTree = "<group>";
		};
		33BCF24C250501C100C6C9C7 /* MishiPayCodeTest */ = {
			isa = PBXGroup;
			children = (
				33BCF24D250501C100C6C9C7 /* AppDelegate.swift */,
				33BCF24F250501C100C6C9C7 /* SceneDelegate.swift */,
				33BCF251250501C100C6C9C7 /* ViewController.swift */,
				33BCF253250501C100C6C9C7 /* Main.storyboard */,
				33BCF256250501C300C6C9C7 /* Assets.xcassets */,
				33BCF258250501C300C6C9C7 /* LaunchScreen.storyboard */,
				33BCF25B250501C300C6C9C7 /* Info.plist */,
			);
			path = MishiPayCodeTest;
			sourceTree = "<group>";
		};
		33BCF263250501C400C6C9C7 /* MishiPayCodeTestTests */ = {
			isa = PBXGroup;
			children = (
				33BCF264250501C400C6C9C7 /* MishiPayCodeTestTests.swift */,
				33BCF266250501C400C6C9C7 /* Info.plist */,
			);
			path = MishiPayCodeTestTests;
			sourceTree = "<group>";
		};
/* End PBXGroup section */

/* Begin PBXNativeTarget section */
		33BCF249250501C100C6C9C7 /* MishiPayCodeTest */ = {
			isa = PBXNativeTarget;
			buildConfigurationList = 33BCF269250501C400C6C9C7 /* Build configuration list for PBXNativeTarget "MishiPayCodeTest" */;
			buildPhases = (
				33BCF246250501C100C6C9C7 /* Sources */,
				33BCF247250501C100C6C9C7 /* Frameworks */,
				33BCF248250501C100C6C9C7 /* Resources */,
			);
			buildRules = (
			);
			dependencies = (
			);
			name = MishiPayCodeTest;
			productName = MishiPayCodeTest;
			productReference = 33BCF24A250501C100C6C9C7 /* MishiPayCodeTest.app */;
			productType = "com.apple.product-type.application";
		};
		33BCF25F250501C400C6C9C7 /* MishiPayCodeTestTests */ = {
			isa = PBXNativeTarget;
			buildConfigurationList = 33BCF26C250501C400C6C9C7 /* Build configuration list for PBXNativeTarget "MishiPayCodeTestTests" */;
			buildPhases = (
				33BCF25C250501C400C6C9C7 /* Sources */,
				33BCF25D250501C400C6C9C7 /* Frameworks */,
				33BCF25E250501C400C6C9C7 /* Resources */,
			);
			buildRules = (
			);
			dependencies = (
				33BCF262250501C400C6C9C7 /* PBXTargetDependency */,
			);
			name = MishiPayCodeTestTests;
			productName = MishiPayCodeTestTests;
			productReference = 33BCF260250501C400C6C9C7 /* MishiPayCodeTestTests.xctest */;
			productType = "com.apple.product-type.bundle.unit-test";
		};
/* End PBXNativeTarget section */

/* Begin PBXProject section */
		33BCF242250501C100C6C9C7 /* Project object */ = {
			isa = PBXProject;
			attributes = {
				LastSwiftUpdateCheck = 1170;
				LastUpgradeCheck = 1170;
				ORGANIZATIONNAME = "Shyam Bhudia";
				TargetAttributes = {
					33BCF249250501C100C6C9C7 = {
						CreatedOnToolsVersion = 11.7;
					};
					33BCF25F250501C400C6C9C7 = {
						CreatedOnToolsVersion = 11.7;
						TestTargetID = 33BCF249250501C100C6C9C7;
					};
				};
			};
			buildConfigurationList = 33BCF245250501C100C6C9C7 /* Build configuration list for PBXProject "MishiPayCodeTest" */;
			compatibilityVersion = "Xcode 9.3";
			developmentRegion = en;
			hasScannedForEncodings = 0;
			knownRegions = (
				en,
				Base,
			);
			mainGroup = 33BCF241250501C100C6C9C7;
			productRefGroup = 33BCF24B250501C100C6C9C7 /* Products */;
			projectDirPath = "";
			projectRoot = "";
			targets = (
				33BCF249250501C100C6C9C7 /* MishiPayCodeTest */,
				33BCF25F250501C400C6C9C7 /* MishiPayCodeTestTests */,
			);
		};
/* End PBXProject section */

/* Begin PBXResourcesBuildPhase section */
		33BCF248250501C100C6C9C7 /* Resources */ = {
			isa = PBXResourcesBuildPhase;
			buildActionMask = 2147483647;
			files = (
				33BCF25A250501C300C6C9C7 /* LaunchScreen.storyboard in Resources */,
				33BCF257250501C300C6C9C7 /* Assets.xcassets in Resources */,
				33BCF255250501C100C6C9C7 /* Main.storyboard in Resources */,
			);
			runOnlyForDeploymentPostprocessing = 0;
		};
		33BCF25E250501C400C6C9C7 /* Resources */ = {
			isa = PBXResourcesBuildPhase;
			buildActionMask = 2147483647;
			files = (
			);
			runOnlyForDeploymentPostprocessing = 0;
		};
/* End PBXResourcesBuildPhase section */

/* Begin PBXSourcesBuildPhase section */
		33BCF246250501C100C6C9C7 /* Sources */ = {
			isa = PBXSourcesBuildPhase;
			buildActionMask = 2147483647;
			files = (
				33BCF252250501C100C6C9C7 /* ViewController.swift in Sources */,
				33BCF24E250501C100C6C9C7 /* AppDelegate.swift in Sources */,
				33BCF250250501C100C6C9C7 /* SceneDelegate.swift in Sources */,
			);
			runOnlyForDeploymentPostprocessing = 0;
		};
		33BCF25C250501C400C6C9C7 /* Sources */ = {
			isa = PBXSourcesBuildPhase;
			buildActionMask = 2147483647;
			files = (
				33BCF265250501C400C6C9C7 /* MishiPayCodeTestTests.swift in Sources */,
			);
			runOnlyForDeploymentPostprocessing = 0;
		};
/* End PBXSourcesBuildPhase section */

/* Begin PBXTargetDependency section */
		33BCF262250501C400C6C9C7 /* PBXTargetDependency */ = {
			isa = PBXTargetDependency;
			target = 33BCF249250501C100C6C9C7 /* MishiPayCodeTest */;
			targetProxy = 33BCF261250501C400C6C9C7 /* PBXContainerItemProxy */;
		};
/* End PBXTargetDependency section */

/* Begin PBXVariantGroup section */
		33BCF253250501C100C6C9C7 /* Main.storyboard */ = {
			isa = PBXVariantGroup;
			children = (
				33BCF254250501C100C6C9C7 /* Base */,
			);
			name = Main.storyboard;
			sourceTree = "<group>";
		};
		33BCF258250501C300C6C9C7 /* LaunchScreen.storyboard */ = {
			isa = PBXVariantGroup;
			children = (
				33BCF259250501C300C6C9C7 /* Base */,
			);
			name = LaunchScreen.storyboard;
			sourceTree = "<group>";
		};
/* End PBXVariantGroup section */

/* Begin XCBuildConfiguration section */
		33BCF267250501C400C6C9C7 /* Debug */ = {
			isa = XCBuildConfiguration;
			buildSettings = {
				ALWAYS_SEARCH_USER_PATHS = NO;
				CLANG_ANALYZER_NONNULL = YES;
				CLANG_ANALYZER_NUMBER_OBJECT_CONVERSION = YES_AGGRESSIVE;
				CLANG_CXX_LANGUAGE_STANDARD = "gnu++14";
				CLANG_CXX_LIBRARY = "libc++";
				CLANG_ENABLE_MODULES = YES;
				CLANG_ENABLE_OBJC_ARC = YES;
				CLANG_ENABLE_OBJC_WEAK = YES;
				CLANG_WARN_BLOCK_CAPTURE_AUTORELEASING = YES;
				CLANG_WARN_BOOL_CONVERSION = YES;
				CLANG_WARN_COMMA = YES;
				CLANG_WARN_CONSTANT_CONVERSION = YES;
				CLANG_WARN_DEPRECATED_OBJC_IMPLEMENTATIONS = YES;
				CLANG_WARN_DIRECT_OBJC_ISA_USAGE = YES_ERROR;
				CLANG_WARN_DOCUMENTATION_COMMENTS = YES;
				CLANG_WARN_EMPTY_BODY = YES;
				CLANG_WARN_ENUM_CONVERSION = YES;
				CLANG_WARN_INFINITE_RECURSION = YES;
				CLANG_WARN_INT_CONVERSION = YES;
				CLANG_WARN_NON_LITERAL_NULL_CONVERSION = YES;
				CLANG_WARN_OBJC_IMPLICIT_RETAIN_SELF = YES;
				CLANG_WARN_OBJC_LITERAL_CONVERSION = YES;
				CLANG_WARN_OBJC_ROOT_CLASS = YES_ERROR;
				CLANG_WARN_RANGE_LOOP_ANALYSIS = YES;
				CLANG_WARN_STRICT_PROTOTYPES = YES;
				CLANG_WARN_SUSPICIOUS_MOVE = YES;
				CLANG_WARN_UNGUARDED_AVAILABILITY = YES_AGGRESSIVE;
				CLANG_WARN_UNREACHABLE_CODE = YES;
				CLANG_WARN__DUPLICATE_METHOD_MATCH = YES;
				COPY_PHASE_STRIP = NO;
				DEBUG_INFORMATION_FORMAT = dwarf;
				ENABLE_STRICT_OBJC_MSGSEND = YES;
				ENABLE_TESTABILITY = YES;
				GCC_C_LANGUAGE_STANDARD = gnu11;
				GCC_DYNAMIC_NO_PIC = NO;
				GCC_NO_COMMON_BLOCKS = YES;
				GCC_OPTIMIZATION_LEVEL = 0;
				GCC_PREPROCESSOR_DEFINITIONS = (
					"DEBUG=1",
					"$(inherited)",
				);
				GCC_WARN_64_TO_32_BIT_CONVERSION = YES;
				GCC_WARN_ABOUT_RETURN_TYPE = YES_ERROR;
				GCC_WARN_UNDECLARED_SELECTOR = YES;
				GCC_WARN_UNINITIALIZED_AUTOS = YES_AGGRESSIVE;
				GCC_WARN_UNUSED_FUNCTION = YES;
				GCC_WARN_UNUSED_VARIABLE = YES;
				IPHONEOS_DEPLOYMENT_TARGET = 13.7;
				MTL_ENABLE_DEBUG_INFO = INCLUDE_SOURCE;
				MTL_FAST_MATH = YES;
				ONLY_ACTIVE_ARCH = YES;
				SDKROOT = iphoneos;
				SWIFT_ACTIVE_COMPILATION_CONDITIONS = DEBUG;
				SWIFT_OPTIMIZATION_LEVEL = "-Onone";
			};
			name = Debug;
		};
		33BCF268250501C400C6C9C7 /* Release */ = {
			isa = XCBuildConfiguration;
			buildSettings = {
				ALWAYS_SEARCH_USER_PATHS = NO;
				CLANG_ANALYZER_NONNULL = YES;
				CLANG_ANALYZER_NUMBER_OBJECT_CONVERSION = YES_AGGRESSIVE;
				CLANG_CXX_LANGUAGE_STANDARD = "gnu++14";
				CLANG_CXX_LIBRARY = "libc++";
				CLANG_ENABLE_MODULES = YES;
				CLANG_ENABLE_OBJC_ARC = YES;
				CLANG_ENABLE_OBJC_WEAK = YES;
				CLANG_WARN_BLOCK_CAPTURE_AUTORELEASING = YES;
				CLANG_WARN_BOOL_CONVERSION = YES;
				CLANG_WARN_COMMA = YES;
				CLANG_WARN_CONSTANT_CONVERSION = YES;
				CLANG_WARN_DEPRECATED_OBJC_IMPLEMENTATIONS = YES;
				CLANG_WARN_DIRECT_OBJC_ISA_USAGE = YES_ERROR;
				CLANG_WARN_DOCUMENTATION_COMMENTS = YES;
				CLANG_WARN_EMPTY_BODY = YES;
				CLANG_WARN_ENUM_CONVERSION = YES;
				CLANG_WARN_INFINITE_RECURSION = YES;
				CLANG_WARN_INT_CONVERSION = YES;
				CLANG_WARN_NON_LITERAL_NULL_CONVERSION = YES;
				CLANG_WARN_OBJC_IMPLICIT_RETAIN_SELF = YES;
				CLANG_WARN_OBJC_LITERAL_CONVERSION = YES;
				CLANG_WARN_OBJC_ROOT_CLASS = YES_ERROR;
				CLANG_WARN_RANGE_LOOP_ANALYSIS = YES;
				CLANG_WARN_STRICT_PROTOTYPES = YES;
				CLANG_WARN_SUSPICIOUS_MOVE = YES;
				CLANG_WARN_UNGUARDED_AVAILABILITY = YES_AGGRESSIVE;
				CLANG_WARN_UNREACHABLE_CODE = YES;
				CLANG_WARN__DUPLICATE_METHOD_MATCH = YES;
				COPY_PHASE_STRIP = NO;
				DEBUG_INFORMATION_FORMAT = "dwarf-with-dsym";
				ENABLE_NS_ASSERTIONS = NO;
				ENABLE_STRICT_OBJC_MSGSEND = YES;
				GCC_C_LANGUAGE_STANDARD = gnu11;
				GCC_NO_COMMON_BLOCKS = YES;
				GCC_WARN_64_TO_32_BIT_CONVERSION = YES;
				GCC_WARN_ABOUT_RETURN_TYPE = YES_ERROR;
				GCC_WARN_UNDECLARED_SELECTOR = YES;
				GCC_WARN_UNINITIALIZED_AUTOS = YES_AGGRESSIVE;
				GCC_WARN_UNUSED_FUNCTION = YES;
				GCC_WARN_UNUSED_VARIABLE = YES;
				IPHONEOS_DEPLOYMENT_TARGET = 13.7;
				MTL_ENABLE_DEBUG_INFO = NO;
				MTL_FAST_MATH = YES;
				SDKROOT = iphoneos;
				SWIFT_COMPILATION_MODE = wholemodule;
				SWIFT_OPTIMIZATION_LEVEL = "-O";
				VALIDATE_PRODUCT = YES;
			};
			name = Release;
		};
		33BCF26A250501C400C6C9C7 /* Debug */ = {
			isa = XCBuildConfiguration;
			buildSettings = {
				ASSETCATALOG_COMPILER_APPICON_NAME = AppIcon;
				CODE_SIGN_STYLE = Automatic;
				DEVELOPMENT_TEAM = BDV5JS4GXV;
				INFOPLIST_FILE = MishiPayCodeTest/Info.plist;
				LD_RUNPATH_SEARCH_PATHS = (
					"$(inherited)",
					"@executable_path/Frameworks",
				);
				PRODUCT_BUNDLE_IDENTIFIER = com.shyambhudia.MishiPayCodeTest;
				PRODUCT_NAME = "$(TARGET_NAME)";
				SWIFT_VERSION = 5.0;
				TARGETED_DEVICE_FAMILY = "1,2";
			};
			name = Debug;
		};
		33BCF26B250501C400C6C9C7 /* Release */ = {
			isa = XCBuildConfiguration;
			buildSettings = {
				ASSETCATALOG_COMPILER_APPICON_NAME = AppIcon;
				CODE_SIGN_STYLE = Automatic;
				DEVELOPMENT_TEAM = BDV5JS4GXV;
				INFOPLIST_FILE = MishiPayCodeTest/Info.plist;
				LD_RUNPATH_SEARCH_PATHS = (
					"$(inherited)",
					"@executable_path/Frameworks",
				);
				PRODUCT_BUNDLE_IDENTIFIER = com.shyambhudia.MishiPayCodeTest;
				PRODUCT_NAME = "$(TARGET_NAME)";
				SWIFT_VERSION = 5.0;
				TARGETED_DEVICE_FAMILY = "1,2";
			};
			name = Release;
		};
		33BCF26D250501C400C6C9C7 /* Debug */ = {
			isa = XCBuildConfiguration;
			buildSettings = {
				ALWAYS_EMBED_SWIFT_STANDARD_LIBRARIES = YES;
				BUNDLE_LOADER = "$(TEST_HOST)";
				CODE_SIGN_STYLE = Automatic;
				DEVELOPMENT_TEAM = BDV5JS4GXV;
				INFOPLIST_FILE = MishiPayCodeTestTests/Info.plist;
				IPHONEOS_DEPLOYMENT_TARGET = 13.7;
				LD_RUNPATH_SEARCH_PATHS = (
					"$(inherited)",
					"@executable_path/Frameworks",
					"@loader_path/Frameworks",
				);
				PRODUCT_BUNDLE_IDENTIFIER = com.shyambhudia.MishiPayCodeTestTests;
				PRODUCT_NAME = "$(TARGET_NAME)";
				SWIFT_VERSION = 5.0;
				TARGETED_DEVICE_FAMILY = "1,2";
				TEST_HOST = "$(BUILT_PRODUCTS_DIR)/MishiPayCodeTest.app/MishiPayCodeTest";
			};
			name = Debug;
		};
		33BCF26E250501C400C6C9C7 /* Release */ = {
			isa = XCBuildConfiguration;
			buildSettings = {
				ALWAYS_EMBED_SWIFT_STANDARD_LIBRARIES = YES;
				BUNDLE_LOADER = "$(TEST_HOST)";
				CODE_SIGN_STYLE = Automatic;
				DEVELOPMENT_TEAM = BDV5JS4GXV;
				INFOPLIST_FILE = MishiPayCodeTestTests/Info.plist;
				IPHONEOS_DEPLOYMENT_TARGET = 13.7;
				LD_RUNPATH_SEARCH_PATHS = (
					"$(inherited)",
					"@executable_path/Frameworks",
					"@loader_path/Frameworks",
				);
				PRODUCT_BUNDLE_IDENTIFIER = com.shyambhudia.MishiPayCodeTestTests;
				PRODUCT_NAME = "$(TARGET_NAME)";
				SWIFT_VERSION = 5.0;
				TARGETED_DEVICE_FAMILY = "1,2";
				TEST_HOST = "$(BUILT_PRODUCTS_DIR)/MishiPayCodeTest.app/MishiPayCodeTest";
			};
			name = Release;
		};
/* End XCBuildConfiguration section */

/* Begin XCConfigurationList section */
		33BCF245250501C100C6C9C7 /* Build configuration list for PBXProject "MishiPayCodeTest" */ = {
			isa = XCConfigurationList;
			buildConfigurations = (
				33BCF267250501C400C6C9C7 /* Debug */,
				33BCF268250501C400C6C9C7 /* Release */,
			);
			defaultConfigurationIsVisible = 0;
			defaultConfigurationName = Release;
		};
		33BCF269250501C400C6C9C7 /* Build configuration list for PBXNativeTarget "MishiPayCodeTest" */ = {
			isa = XCConfigurationList;
			buildConfigurations = (
				33BCF26A250501C400C6C9C7 /* Debug */,
				33BCF26B250501C400C6C9C7 /* Release */,
			);
			defaultConfigurationIsVisible = 0;
			defaultConfigurationName = Release;
		};
		33BCF26C250501C400C6C9C7 /* Build configuration list for PBXNativeTarget "MishiPayCodeTestTests" */ = {
			isa = XCConfigurationList;
			buildConfigurations = (
				33BCF26D250501C400C6C9C7 /* Debug */,
				33BCF26E250501C400C6C9C7 /* Release */,
			);
			defaultConfigurationIsVisible = 0;
			defaultConfigurationName = Release;
		};
/* End XCConfigurationList section */
	};
	rootObject = 33BCF242250501C100C6C9C7 /* Project object */;
}
